
Microsoft Visual Studio Solution File, Format Version 11.00
# Visual Studio 2010
Project("{FAE04EC0-301F-11D3-BF4B-00C04F79EFBC}") = "Assembly-CSharp-Editor", "Assembly-CSharp-Editor.csproj", "{72d0eac6-4280-2d39-a210-94171dc039e2}"
EndProject
Project("{FAE04EC0-301F-11D3-BF4B-00C04F79EFBC}") = "Assembly-CSharp", "Assembly-CSharp.csproj", "{579ae353-4c54-67a4-04b2-403457c1b529}"
EndProject
Global
	GlobalSection(SolutionConfigurationPlatforms) = preSolution
		Debug|Any CPU = Debug|Any CPU
	EndGlobalSection
	GlobalSection(ProjectConfigurationPlatforms) = postSolution
		{72d0eac6-4280-2d39-a210-94171dc039e2}.Debug|Any CPU.ActiveCfg = Debug|Any CPU
		{72d0eac6-4280-2d39-a210-94171dc039e2}.Debug|Any CPU.Build.0 = Debug|Any CPU
		{579ae353-4c54-67a4-04b2-403457c1b529}.Debug|Any CPU.ActiveCfg = Debug|Any CPU
		{579ae353-4c54-67a4-04b2-403457c1b529}.Debug|Any CPU.Build.0 = Debug|Any CPU
	EndGlobalSection
	GlobalSection(SolutionProperties) = preSolution
		HideSolutionNode = FALSE
	EndGlobalSection
EndGlobal
